
Microsoft Visual Studio Solution File, Format Version 12.00
# Visual Studio 15
VisualStudioVersion = 15.0.28307.168
MinimumVisualStudioVersion = 10.0.40219.1
Project("{FAE04EC0-301F-11D3-BF4B-00C04F79EFBC}") = "HelloWorld", "HelloWorld\HelloWorld.csproj", "{89F3EB8F-CA89-4AF6-A82E-627A8133C8DA}"
EndProject
Global
	GlobalSection(SolutionConfigurationPlatforms) = preSolution
		Debug|Any CPU = Debug|Any CPU
		Release|Any CPU = Release|Any CPU
	EndGlobalSection
	GlobalSection(ProjectConfigurationPlatforms) = postSolution
		{89F3EB8F-CA89-4AF6-A82E-627A8133C8DA}.Debug|Any CPU.ActiveCfg = Debug|Any CPU
		{89F3EB8F-CA89-4AF6-A82E-627A8133C8DA}.Debug|Any CPU.Build.0 = Debug|Any CPU
		{89F3EB8F-CA89-4AF6-A82E-627A8133C8DA}.Release|Any CPU.ActiveCfg = Release|Any CPU
		{89F3EB8F-CA89-4AF6-A82E-627A8133C8DA}.Release|Any CPU.Build.0 = Release|Any CPU
	EndGlobalSection
	GlobalSection(SolutionProperties) = preSolution
		HideSolutionNode = FALSE
	EndGlobalSection
	GlobalSection(ExtensibilityGlobals) = postSolution
		SolutionGuid = {87A49575-AECD-41B2-8B87-B12B5391FBCB}
	EndGlobalSection
EndGlobal
